
Microsoft Visual Studio Solution File, Format Version 12.00
# Visual Studio Version 16
VisualStudioVersion = 16.0.29411.108
MinimumVisualStudioVersion = 10.0.40219.1
Project("{FAE04EC0-301F-11D3-BF4B-00C04F79EFBC}") = "CS460HW3", "CS460HW3.csproj", "{18ACD9A7-5F36-4352-8714-6F107AA5DF37}"
EndProject
Global
	GlobalSection(SolutionConfigurationPlatforms) = preSolution
		Debug|Any CPU = Debug|Any CPU
		Release|Any CPU = Release|Any CPU
	EndGlobalSection
	GlobalSection(ProjectConfigurationPlatforms) = postSolution
		{18ACD9A7-5F36-4352-8714-6F107AA5DF37}.Debug|Any CPU.ActiveCfg = Debug|Any CPU
		{18ACD9A7-5F36-4352-8714-6F107AA5DF37}.Debug|Any CPU.Build.0 = Debug|Any CPU
		{18ACD9A7-5F36-4352-8714-6F107AA5DF37}.Release|Any CPU.ActiveCfg = Release|Any CPU
		{18ACD9A7-5F36-4352-8714-6F107AA5DF37}.Release|Any CPU.Build.0 = Release|Any CPU
	EndGlobalSection
	GlobalSection(SolutionProperties) = preSolution
		HideSolutionNode = FALSE
	EndGlobalSection
	GlobalSection(ExtensibilityGlobals) = postSolution
		SolutionGuid = {25462078-338D-4ABB-A2A9-9AD49F922189}
	EndGlobalSection
EndGlobal
